// !$*UTF8*$!
{
	archiveVersion = 1;
	classes = {
	};
	objectVersion = 46;
	objects = {

/* Begin PBXBuildFile section */
		BBA228131B56583900939E71 /* AppDelegate.swift in Sources */ = {isa = PBXBuildFile; fileRef = BBA228121B56583900939E71 /* AppDelegate.swift */; };
		BBA228151B56583900939E71 /* CreateCueCardViewController.swift in Sources */ = {isa = PBXBuildFile; fileRef = BBA228141B56583900939E71 /* CreateCueCardViewController.swift */; };
		BBA228171B56583900939E71 /* ReadCueCardViewController.swift in Sources */ = {isa = PBXBuildFile; fileRef = BBA228161B56583900939E71 /* ReadCueCardViewController.swift */; };
		BBA2281A1B56583900939E71 /* Main.storyboard in Resources */ = {isa = PBXBuildFile; fileRef = BBA228181B56583900939E71 /* Main.storyboard */; };
		BBA2281C1B56583A00939E71 /* Images.xcassets in Resources */ = {isa = PBXBuildFile; fileRef = BBA2281B1B56583A00939E71 /* Images.xcassets */; };
		BBA2281F1B56583A00939E71 /* LaunchScreen.xib in Resources */ = {isa = PBXBuildFile; fileRef = BBA2281D1B56583A00939E71 /* LaunchScreen.xib */; };
		BBA2282B1B56583A00939E71 /* RevisionAppTests.swift in Sources */ = {isa = PBXBuildFile; fileRef = BBA2282A1B56583A00939E71 /* RevisionAppTests.swift */; };
/* End PBXBuildFile section */

/* Begin PBXContainerItemProxy section */
		BBA228251B56583A00939E71 /* PBXContainerItemProxy */ = {
			isa = PBXContainerItemProxy;
			containerPortal = BBA228051B56583900939E71 /* Project object */;
			proxyType = 1;
			remoteGlobalIDString = BBA2280C1B56583900939E71;
			remoteInfo = RevisionApp;
		};
/* End PBXContainerItemProxy section */

/* Begin PBXFileReference section */
		BBA2280D1B56583900939E71 /* RevisionApp.app */ = {isa = PBXFileReference; explicitFileType = wrapper.application; includeInIndex = 0; path = RevisionApp.app; sourceTree = BUILT_PRODUCTS_DIR; };
		BBA228111B56583900939E71 /* Info.plist */ = {isa = PBXFileReference; lastKnownFileType = text.plist.xml; path = Info.plist; sourceTree = "<group>"; };
		BBA228121B56583900939E71 /* AppDelegate.swift */ = {isa = PBXFileReference; lastKnownFileType = sourcecode.swift; path = AppDelegate.swift; sourceTree = "<group>"; };
		BBA228141B56583900939E71 /* CreateCueCardViewController.swift */ = {isa = PBXFileReference; lastKnownFileType = sourcecode.swift; path = CreateCueCardViewController.swift; sourceTree = "<group>"; };
		BBA228161B56583900939E71 /* ReadCueCardViewController.swift */ = {isa = PBXFileReference; lastKnownFileType = sourcecode.swift; path = ReadCueCardViewController.swift; sourceTree = "<group>"; };
		BBA228191B56583900939E71 /* Base */ = {isa = PBXFileReference; lastKnownFileType = file.storyboard; name = Base; path = Base.lproj/Main.storyboard; sourceTree = "<group>"; };
		BBA2281B1B56583A00939E71 /* Images.xcassets */ = {isa = PBXFileReference; lastKnownFileType = folder.assetcatalog; path = Images.xcassets; sourceTree = "<group>"; };
		BBA2281E1B56583A00939E71 /* Base */ = {isa = PBXFileReference; lastKnownFileType = file.xib; name = Base; path = Base.lproj/LaunchScreen.xib; sourceTree = "<group>"; };
		BBA228241B56583A00939E71 /* RevisionAppTests.xctest */ = {isa = PBXFileReference; explicitFileType = wrapper.cfbundle; includeInIndex = 0; path = RevisionAppTests.xctest; sourceTree = BUILT_PRODUCTS_DIR; };
		BBA228291B56583A00939E71 /* Info.plist */ = {isa = PBXFileReference; lastKnownFileType = text.plist.xml; path = Info.plist; sourceTree = "<group>"; };
		BBA2282A1B56583A00939E71 /* RevisionAppTests.swift */ = {isa = PBXFileReference; lastKnownFileType = sourcecode.swift; path = RevisionAppTests.swift; sourceTree = "<group>"; };
/* End PBXFileReference section */

/* Begin PBXFrameworksBuildPhase section */
		BBA2280A1B56583900939E71 /* Frameworks */ = {
			isa = PBXFrameworksBuildPhase;
			buildActionMask = 2147483647;
			files = (
			);
			runOnlyForDeploymentPostprocessing = 0;
		};
		BBA228211B56583A00939E71 /* Frameworks */ = {
			isa = PBXFrameworksBuildPhase;
			buildActionMask = 2147483647;
			files = (
			);
			runOnlyForDeploymentPostprocessing = 0;
		};
/* End PBXFrameworksBuildPhase section */

/* Begin PBXGroup section */
		BBA228041B56583900939E71 = {
			isa = PBXGroup;
			children = (
				BBA2280F1B56583900939E71 /* RevisionApp */,
				BBA228271B56583A00939E71 /* RevisionAppTests */,
				BBA2280E1B56583900939E71 /* Products */,
			);
			sourceTree = "<group>";
		};
		BBA2280E1B56583900939E71 /* Products */ = {
			isa = PBXGroup;
			children = (
				BBA2280D1B56583900939E71 /* RevisionApp.app */,
				BBA228241B56583A00939E71 /* RevisionAppTests.xctest */,
			);
			name = Products;
			sourceTree = "<group>";
		};
		BBA2280F1B56583900939E71 /* RevisionApp */ = {
			isa = PBXGroup;
			children = (
				BBA228121B56583900939E71 /* AppDelegate.swift */,
				BBA228141B56583900939E71 /* CreateCueCardViewController.swift */,
				BBA228161B56583900939E71 /* ReadCueCardViewController.swift */,
				BBA228181B56583900939E71 /* Main.storyboard */,
				BBA2281B1B56583A00939E71 /* Images.xcassets */,
				BBA2281D1B56583A00939E71 /* LaunchScreen.xib */,
				BBA228101B56583900939E71 /* Supporting Files */,
			);
			path = RevisionApp;
			sourceTree = "<group>";
		};
		BBA228101B56583900939E71 /* Supporting Files */ = {
			isa = PBXGroup;
			children = (
				BBA228111B56583900939E71 /* Info.plist */,
			);
			name = "Supporting Files";
			sourceTree = "<group>";
		};
		BBA228271B56583A00939E71 /* RevisionAppTests */ = {
			isa = PBXGroup;
			children = (
				BBA2282A1B56583A00939E71 /* RevisionAppTests.swift */,
				BBA228281B56583A00939E71 /* Supporting Files */,
			);
			path = RevisionAppTests;
			sourceTree = "<group>";
		};
		BBA228281B56583A00939E71 /* Supporting Files */ = {
			isa = PBXGroup;
			children = (
				BBA228291B56583A00939E71 /* Info.plist */,
			);
			name = "Supporting Files";
			sourceTree = "<group>";
		};
/* End PBXGroup section */

/* Begin PBXNativeTarget section */
		BBA2280C1B56583900939E71 /* RevisionApp */ = {
			isa = PBXNativeTarget;
			buildConfigurationList = BBA2282E1B56583A00939E71 /* Build configuration list for PBXNativeTarget "RevisionApp" */;
			buildPhases = (
				BBA228091B56583900939E71 /* Sources */,
				BBA2280A1B56583900939E71 /* Frameworks */,
				BBA2280B1B56583900939E71 /* Resources */,
			);
			buildRules = (
			);
			dependencies = (
			);
			name = RevisionApp;
			productName = RevisionApp;
			productReference = BBA2280D1B56583900939E71 /* RevisionApp.app */;
			productType = "com.apple.product-type.application";
		};
		BBA228231B56583A00939E71 /* RevisionAppTests */ = {
			isa = PBXNativeTarget;
			buildConfigurationList = BBA228311B56583A00939E71 /* Build configuration list for PBXNativeTarget "RevisionAppTests" */;
			buildPhases = (
				BBA228201B56583A00939E71 /* Sources */,
				BBA228211B56583A00939E71 /* Frameworks */,
				BBA228221B56583A00939E71 /* Resources */,
			);
			buildRules = (
			);
			dependencies = (
				BBA228261B56583A00939E71 /* PBXTargetDependency */,
			);
			name = RevisionAppTests;
			productName = RevisionAppTests;
			productReference = BBA228241B56583A00939E71 /* RevisionAppTests.xctest */;
			productType = "com.apple.product-type.bundle.unit-test";
		};
/* End PBXNativeTarget section */

/* Begin PBXProject section */
		BBA228051B56583900939E71 /* Project object */ = {
			isa = PBXProject;
			attributes = {
				LastSwiftUpdateCheck = 0730;
				LastUpgradeCheck = 0900;
				ORGANIZATIONNAME = "University of Chester";
				TargetAttributes = {
					BBA2280C1B56583900939E71 = {
						CreatedOnToolsVersion = 6.4;
					};
					BBA228231B56583A00939E71 = {
						CreatedOnToolsVersion = 6.4;
						TestTargetID = BBA2280C1B56583900939E71;
					};
				};
			};
			buildConfigurationList = BBA228081B56583900939E71 /* Build configuration list for PBXProject "RevisionApp" */;
			compatibilityVersion = "Xcode 3.2";
			developmentRegion = English;
			hasScannedForEncodings = 0;
			knownRegions = (
				en,
				Base,
			);
			mainGroup = BBA228041B56583900939E71;
			productRefGroup = BBA2280E1B56583900939E71 /* Products */;
			projectDirPath = "";
			projectRoot = "";
			targets = (
				BBA2280C1B56583900939E71 /* RevisionApp */,
				BBA228231B56583A00939E71 /* RevisionAppTests */,
			);
		};
/* End PBXProject section */

/* Begin PBXResourcesBuildPhase section */
		BBA2280B1B56583900939E71 /* Resources */ = {
			isa = PBXResourcesBuildPhase;
			buildActionMask = 2147483647;
			files = (
				BBA2281A1B56583900939E71 /* Main.storyboard in Resources */,
				BBA2281F1B56583A00939E71 /* LaunchScreen.xib in Resources */,
				BBA2281C1B56583A00939E71 /* Images.xcassets in Resources */,
			);
			runOnlyForDeploymentPostprocessing = 0;
		};
		BBA228221B56583A00939E71 /* Resources */ = {
			isa = PBXResourcesBuildPhase;
			buildActionMask = 2147483647;
			files = (
			);
			runOnlyForDeploymentPostprocessing = 0;
		};
/* End PBXResourcesBuildPhase section */

/* Begin PBXSourcesBuildPhase section */
		BBA228091B56583900939E71 /* Sources */ = {
			isa = PBXSourcesBuildPhase;
			buildActionMask = 2147483647;
			files = (
				BBA228171B56583900939E71 /* ReadCueCardViewController.swift in Sources */,
				BBA228131B56583900939E71 /* AppDelegate.swift in Sources */,
				BBA228151B56583900939E71 /* CreateCueCardViewController.swift in Sources */,
			);
			runOnlyForDeploymentPostprocessing = 0;
		};
		BBA228201B56583A00939E71 /* Sources */ = {
			isa = PBXSourcesBuildPhase;
			buildActionMask = 2147483647;
			files = (
				BBA2282B1B56583A00939E71 /* RevisionAppTests.swift in Sources */,
			);
			runOnlyForDeploymentPostprocessing = 0;
		};
/* End PBXSourcesBuildPhase section */

/* Begin PBXTargetDependency section */
		BBA228261B56583A00939E71 /* PBXTargetDependency */ = {
			isa = PBXTargetDependency;
			target = BBA2280C1B56583900939E71 /* RevisionApp */;
			targetProxy = BBA228251B56583A00939E71 /* PBXContainerItemProxy */;
		};
/* End PBXTargetDependency section */

/* Begin PBXVariantGroup section */
		BBA228181B56583900939E71 /* Main.storyboard */ = {
			isa = PBXVariantGroup;
			children = (
				BBA228191B56583900939E71 /* Base */,
			);
			name = Main.storyboard;
			sourceTree = "<group>";
		};
		BBA2281D1B56583A00939E71 /* LaunchScreen.xib */ = {
			isa = PBXVariantGroup;
			children = (
				BBA2281E1B56583A00939E71 /* Base */,
			);
			name = LaunchScreen.xib;
			sourceTree = "<group>";
		};
/* End PBXVariantGroup section */

/* Begin XCBuildConfiguration section */
		BBA2282C1B56583A00939E71 /* Debug */ = {
			isa = XCBuildConfiguration;
			buildSettings = {
				ALWAYS_SEARCH_USER_PATHS = NO;
				CLANG_CXX_LANGUAGE_STANDARD = "gnu++0x";
				CLANG_CXX_LIBRARY = "libc++";
				CLANG_ENABLE_MODULES = YES;
				CLANG_ENABLE_OBJC_ARC = YES;
				CLANG_WARN_BLOCK_CAPTURE_AUTORELEASING = YES;
				CLANG_WARN_BOOL_CONVERSION = YES;
				CLANG_WARN_COMMA = YES;
				CLANG_WARN_CONSTANT_CONVERSION = YES;
				CLANG_WARN_DIRECT_OBJC_ISA_USAGE = YES_ERROR;
				CLANG_WARN_EMPTY_BODY = YES;
				CLANG_WARN_ENUM_CONVERSION = YES;
				CLANG_WARN_INFINITE_RECURSION = YES;
				CLANG_WARN_INT_CONVERSION = YES;
				CLANG_WARN_NON_LITERAL_NULL_CONVERSION = YES;
				CLANG_WARN_OBJC_LITERAL_CONVERSION = YES;
				CLANG_WARN_OBJC_ROOT_CLASS = YES_ERROR;
				CLANG_WARN_RANGE_LOOP_ANALYSIS = YES;
				CLANG_WARN_STRICT_PROTOTYPES = YES;
				CLANG_WARN_SUSPICIOUS_MOVE = YES;
				CLANG_WARN_UNREACHABLE_CODE = YES;
				CLANG_WARN__DUPLICATE_METHOD_MATCH = YES;
				"CODE_SIGN_IDENTITY[sdk=iphoneos*]" = "iPhone Developer";
				COPY_PHASE_STRIP = NO;
				DEBUG_INFORMATION_FORMAT = "dwarf-with-dsym";
				ENABLE_STRICT_OBJC_MSGSEND = YES;
				ENABLE_TESTABILITY = YES;
				GCC_C_LANGUAGE_STANDARD = gnu99;
				GCC_DYNAMIC_NO_PIC = NO;
				GCC_NO_COMMON_BLOCKS = YES;
				GCC_OPTIMIZATION_LEVEL = 0;
				GCC_PREPROCESSOR_DEFINITIONS = (
					"DEBUG=1",
					"$(inherited)",
				);
				GCC_SYMBOLS_PRIVATE_EXTERN = NO;
				GCC_WARN_64_TO_32_BIT_CONVERSION = YES;
				GCC_WARN_ABOUT_RETURN_TYPE = YES_ERROR;
				GCC_WARN_UNDECLARED_SELECTOR = YES;
				GCC_WARN_UNINITIALIZED_AUTOS = YES_AGGRESSIVE;
				GCC_WARN_UNUSED_FUNCTION = YES;
				GCC_WARN_UNUSED_VARIABLE = YES;
				IPHONEOS_DEPLOYMENT_TARGET = 8.4;
				MTL_ENABLE_DEBUG_INFO = YES;
				ONLY_ACTIVE_ARCH = YES;
				SDKROOT = iphoneos;
				SWIFT_OPTIMIZATION_LEVEL = "-Onone";
			};
			name = Debug;
		};
		BBA2282D1B56583A00939E71 /* Release */ = {
			isa = XCBuildConfiguration;
			buildSettings = {
				ALWAYS_SEARCH_USER_PATHS = NO;
				CLANG_CXX_LANGUAGE_STANDARD = "gnu++0x";
				CLANG_CXX_LIBRARY = "libc++";
				CLANG_ENABLE_MODULES = YES;
				CLANG_ENABLE_OBJC_ARC = YES;
				CLANG_WARN_BLOCK_CAPTURE_AUTORELEASING = YES;
				CLANG_WARN_BOOL_CONVERSION = YES;
				CLANG_WARN_COMMA = YES;
				CLANG_WARN_CONSTANT_CONVERSION = YES;
				CLANG_WARN_DIRECT_OBJC_ISA_USAGE = YES_ERROR;
				CLANG_WARN_EMPTY_BODY = YES;
				CLANG_WARN_ENUM_CONVERSION = YES;
				CLANG_WARN_INFINITE_RECURSION = YES;
				CLANG_WARN_INT_CONVERSION = YES;
				CLANG_WARN_NON_LITERAL_NULL_CONVERSION = YES;
				CLANG_WARN_OBJC_LITERAL_CONVERSION = YES;
				CLANG_WARN_OBJC_ROOT_CLASS = YES_ERROR;
				CLANG_WARN_RANGE_LOOP_ANALYSIS = YES;
				CLANG_WARN_STRICT_PROTOTYPES = YES;
				CLANG_WARN_SUSPICIOUS_MOVE = YES;
				CLANG_WARN_UNREACHABLE_CODE = YES;
				CLANG_WARN__DUPLICATE_METHOD_MATCH = YES;
				"CODE_SIGN_IDENTITY[sdk=iphoneos*]" = "iPhone Developer";
				COPY_PHASE_STRIP = NO;
				DEBUG_INFORMATION_FORMAT = "dwarf-with-dsym";
				ENABLE_NS_ASSERTIONS = NO;
				ENABLE_STRICT_OBJC_MSGSEND = YES;
				GCC_C_LANGUAGE_STANDARD = gnu99;
				GCC_NO_COMMON_BLOCKS = YES;
				GCC_WARN_64_TO_32_BIT_CONVERSION = YES;
				GCC_WARN_ABOUT_RETURN_TYPE = YES_ERROR;
				GCC_WARN_UNDECLARED_SELECTOR = YES;
				GCC_WARN_UNINITIALIZED_AUTOS = YES_AGGRESSIVE;
				GCC_WARN_UNUSED_FUNCTION = YES;
				GCC_WARN_UNUSED_VARIABLE = YES;
				IPHONEOS_DEPLOYMENT_TARGET = 8.4;
				MTL_ENABLE_DEBUG_INFO = NO;
				SDKROOT = iphoneos;
				SWIFT_OPTIMIZATION_LEVEL = "-Owholemodule";
				VALIDATE_PRODUCT = YES;
			};
			name = Release;
		};
		BBA2282F1B56583A00939E71 /* Debug */ = {
			isa = XCBuildConfiguration;
			buildSettings = {
				ASSETCATALOG_COMPILER_APPICON_NAME = AppIcon;
				INFOPLIST_FILE = RevisionApp/Info.plist;
				IPHONEOS_DEPLOYMENT_TARGET = 11.0;
				LD_RUNPATH_SEARCH_PATHS = "$(inherited) @executable_path/Frameworks";
				PRODUCT_BUNDLE_IDENTIFIER = "uk.ac.chester.$(PRODUCT_NAME:rfc1034identifier)";
				PRODUCT_NAME = "$(TARGET_NAME)";
				SWIFT_VERSION = 4.0;
			};
			name = Debug;
		};
		BBA228301B56583A00939E71 /* Release */ = {
			isa = XCBuildConfiguration;
			buildSettings = {
				ASSETCATALOG_COMPILER_APPICON_NAME = AppIcon;
				INFOPLIST_FILE = RevisionApp/Info.plist;
				IPHONEOS_DEPLOYMENT_TARGET = 11.0;
				LD_RUNPATH_SEARCH_PATHS = "$(inherited) @executable_path/Frameworks";
				PRODUCT_BUNDLE_IDENTIFIER = "uk.ac.chester.$(PRODUCT_NAME:rfc1034identifier)";
				PRODUCT_NAME = "$(TARGET_NAME)";
				SWIFT_VERSION = 4.0;
			};
			name = Release;
		};
		BBA228321B56583A00939E71 /* Debug */ = {
			isa = XCBuildConfiguration;
			buildSettings = {
				BUNDLE_LOADER = "$(TEST_HOST)";
				FRAMEWORK_SEARCH_PATHS = (
					"$(SDKROOT)/Developer/Library/Frameworks",
					"$(inherited)",
				);
				GCC_PREPROCESSOR_DEFINITIONS = (
					"DEBUG=1",
					"$(inherited)",
				);
				INFOPLIST_FILE = RevisionAppTests/Info.plist;
				LD_RUNPATH_SEARCH_PATHS = "$(inherited) @executable_path/Frameworks @loader_path/Frameworks";
				PRODUCT_BUNDLE_IDENTIFIER = "uk.ac.chester.$(PRODUCT_NAME:rfc1034identifier)";
				PRODUCT_NAME = "$(TARGET_NAME)";
				TEST_HOST = "$(BUILT_PRODUCTS_DIR)/RevisionApp.app/RevisionApp";
			};
			name = Debug;
		};
		BBA228331B56583A00939E71 /* Release */ = {
			isa = XCBuildConfiguration;
			buildSettings = {
				BUNDLE_LOADER = "$(TEST_HOST)";
				FRAMEWORK_SEARCH_PATHS = (
					"$(SDKROOT)/Developer/Library/Frameworks",
					"$(inherited)",
				);
				INFOPLIST_FILE = RevisionAppTests/Info.plist;
				LD_RUNPATH_SEARCH_PATHS = "$(inherited) @executable_path/Frameworks @loader_path/Frameworks";
				PRODUCT_BUNDLE_IDENTIFIER = "uk.ac.chester.$(PRODUCT_NAME:rfc1034identifier)";
				PRODUCT_NAME = "$(TARGET_NAME)";
				TEST_HOST = "$(BUILT_PRODUCTS_DIR)/RevisionApp.app/RevisionApp";
			};
			name = Release;
		};
/* End XCBuildConfiguration section */

/* Begin XCConfigurationList section */
		BBA228081B56583900939E71 /* Build configuration list for PBXProject "RevisionApp" */ = {
			isa = XCConfigurationList;
			buildConfigurations = (
				BBA2282C1B56583A00939E71 /* Debug */,
				BBA2282D1B56583A00939E71 /* Release */,
			);
			defaultConfigurationIsVisible = 0;
			defaultConfigurationName = Release;
		};
		BBA2282E1B56583A00939E71 /* Build configuration list for PBXNativeTarget "RevisionApp" */ = {
			isa = XCConfigurationList;
			buildConfigurations = (
				BBA2282F1B56583A00939E71 /* Debug */,
				BBA228301B56583A00939E71 /* Release */,
			);
			defaultConfigurationIsVisible = 0;
			defaultConfigurationName = Release;
		};
		BBA228311B56583A00939E71 /* Build configuration list for PBXNativeTarget "RevisionAppTests" */ = {
			isa = XCConfigurationList;
			buildConfigurations = (
				BBA228321B56583A00939E71 /* Debug */,
				BBA228331B56583A00939E71 /* Release */,
			);
			defaultConfigurationIsVisible = 0;
			defaultConfigurationName = Release;
		};
/* End XCConfigurationList section */
	};
	rootObject = BBA228051B56583900939E71 /* Project object */;
}
